
Microsoft Visual Studio Solution File, Format Version 12.00
# Visual Studio Version 17
VisualStudioVersion = 17.8.34330.188
MinimumVisualStudioVersion = 10.0.40219.1
Project("{2150E333-8FDC-42A3-9474-1A3956D46DE8}") = "ApiGateway", "ApiGateway", "{6A14F512-0695-406C-AE8C-92E60FC90693}"
EndProject
Project("{2150E333-8FDC-42A3-9474-1A3956D46DE8}") = "src", "src", "{97FF15E0-3AC5-45B5-8E6A-5312BB9B5503}"
EndProject
Project("{9A19103F-16F7-4668-BE54-9A1E7A4F7556}") = "ELC.Lite.Web.Api", "ApiGateway\src\ELC.Lite.Web.Api\ELC.Lite.Web.Api.csproj", "{0B610DCB-4F9B-4BCF-9FB8-AA88BECAD761}"
EndProject
Project("{2150E333-8FDC-42A3-9474-1A3956D46DE8}") = "CoreApp", "CoreApp", "{03D3BDE3-B49C-4F75-9DED-7D84DD9D6BAD}"
EndProject
Project("{2150E333-8FDC-42A3-9474-1A3956D46DE8}") = "src", "src", "{42A500BD-9656-422C-AA63-E198E315BE97}"
EndProject
Project("{9A19103F-16F7-4668-BE54-9A1E7A4F7556}") = "ELC.Lite.Domain", "CoreApp\src\ELC.Lite.Domain\ELC.Lite.Domain.csproj", "{E48CA96F-71BA-46A0-B120-421BCD4409E3}"
EndProject
Project("{9A19103F-16F7-4668-BE54-9A1E7A4F7556}") = "ELC.Lite.Models", "CoreApp\src\ELC.Lite.Models\ELC.Lite.Models.csproj", "{9F8A1A39-5027-4178-9364-47E70AF27265}"
EndProject
Project("{2150E333-8FDC-42A3-9474-1A3956D46DE8}") = "Common", "Common", "{4F9CE2C4-56B3-4637-925A-BE1982D3B433}"
EndProject
Project("{2150E333-8FDC-42A3-9474-1A3956D46DE8}") = "src", "src", "{0D7E2D0B-BE06-49BA-AD49-146AA4B5689B}"
EndProject
Project("{9A19103F-16F7-4668-BE54-9A1E7A4F7556}") = "ELC.Lite.SharedKernel", "Common\src\ELC.Lite.SharedKernel\ELC.Lite.SharedKernel.csproj", "{A9398EC7-C87B-45F9-A381-E1EC1E836A6C}"
EndProject
Project("{9A19103F-16F7-4668-BE54-9A1E7A4F7556}") = "ELC.Lite.CoreApp.Api", "CoreApp\src\ELC.Lite.CoreApp.Api\ELC.Lite.CoreApp.Api.csproj", "{4479FE28-55DF-4F9E-97AE-6FA50A1413AF}"
EndProject
Project("{9A19103F-16F7-4668-BE54-9A1E7A4F7556}") = "ELC.Lite.CoreApp.Infrastucture", "CoreApp\src\ELC.Lite.CoreApp.Infrastucture\ELC.Lite.CoreApp.Infrastucture.csproj", "{670F80BF-8A94-4588-8BDE-A159393DD6DA}"
EndProject
Project("{2150E333-8FDC-42A3-9474-1A3956D46DE8}") = "Solution Items", "Solution Items", "{A8D28B4B-5834-44ED-A77E-86DC66D4270B}"
	ProjectSection(SolutionItems) = preProject
		.gitignore = .gitignore
		README.md = README.md
	EndProjectSection
EndProject
Project("{2150E333-8FDC-42A3-9474-1A3956D46DE8}") = "Identity", "Identity", "{2D867B09-775F-4F5C-B2A5-211AF0F6D512}"
EndProject
Project("{FAE04EC0-301F-11D3-BF4B-00C04F79EFBC}") = "ELC.Lite.Identity.Domain", "Identity\ELC.Lite.Identity.Domain\ELC.Lite.Identity.Domain.csproj", "{30D66B99-B433-4CF0-8608-22DC9C697725}"
EndProject
Project("{FAE04EC0-301F-11D3-BF4B-00C04F79EFBC}") = "ELC.Lite.Identity.Infrastructure", "Identity\ELC.Lite.Identity.Infrastructure\ELC.Lite.Identity.Infrastructure.csproj", "{1B6DFA5B-F234-449F-B33B-ACAB79AE5653}"
EndProject
Project("{FAE04EC0-301F-11D3-BF4B-00C04F79EFBC}") = "ELC.Lite.Identity.Api", "Identity\ELC.Lite.Identity.Api\ELC.Lite.Identity.Api.csproj", "{76E0B161-2A5B-4945-8D30-5A18D1EE62D5}"
EndProject
Project("{FAE04EC0-301F-11D3-BF4B-00C04F79EFBC}") = "ELC.Lite.Identity.Models", "Identity\ELC.Lite.Identity.Models\ELC.Lite.Identity.Models.csproj", "{066ADD3A-451E-4200-9CD9-0A620F88CF58}"
EndProject
Global
	GlobalSection(SolutionConfigurationPlatforms) = preSolution
		Debug|Any CPU = Debug|Any CPU
		Release|Any CPU = Release|Any CPU
	EndGlobalSection
	GlobalSection(ProjectConfigurationPlatforms) = postSolution
		{0B610DCB-4F9B-4BCF-9FB8-AA88BECAD761}.Debug|Any CPU.ActiveCfg = Debug|Any CPU
		{0B610DCB-4F9B-4BCF-9FB8-AA88BECAD761}.Debug|Any CPU.Build.0 = Debug|Any CPU
		{0B610DCB-4F9B-4BCF-9FB8-AA88BECAD761}.Release|Any CPU.ActiveCfg = Release|Any CPU
		{0B610DCB-4F9B-4BCF-9FB8-AA88BECAD761}.Release|Any CPU.Build.0 = Release|Any CPU
		{E48CA96F-71BA-46A0-B120-421BCD4409E3}.Debug|Any CPU.ActiveCfg = Debug|Any CPU
		{E48CA96F-71BA-46A0-B120-421BCD4409E3}.Debug|Any CPU.Build.0 = Debug|Any CPU
		{E48CA96F-71BA-46A0-B120-421BCD4409E3}.Release|Any CPU.ActiveCfg = Release|Any CPU
		{E48CA96F-71BA-46A0-B120-421BCD4409E3}.Release|Any CPU.Build.0 = Release|Any CPU
		{9F8A1A39-5027-4178-9364-47E70AF27265}.Debug|Any CPU.ActiveCfg = Debug|Any CPU
		{9F8A1A39-5027-4178-9364-47E70AF27265}.Debug|Any CPU.Build.0 = Debug|Any CPU
		{9F8A1A39-5027-4178-9364-47E70AF27265}.Release|Any CPU.ActiveCfg = Release|Any CPU
		{9F8A1A39-5027-4178-9364-47E70AF27265}.Release|Any CPU.Build.0 = Release|Any CPU
		{A9398EC7-C87B-45F9-A381-E1EC1E836A6C}.Debug|Any CPU.ActiveCfg = Debug|Any CPU
		{A9398EC7-C87B-45F9-A381-E1EC1E836A6C}.Debug|Any CPU.Build.0 = Debug|Any CPU
		{A9398EC7-C87B-45F9-A381-E1EC1E836A6C}.Release|Any CPU.ActiveCfg = Release|Any CPU
		{A9398EC7-C87B-45F9-A381-E1EC1E836A6C}.Release|Any CPU.Build.0 = Release|Any CPU
		{4479FE28-55DF-4F9E-97AE-6FA50A1413AF}.Debug|Any CPU.ActiveCfg = Debug|Any CPU
		{4479FE28-55DF-4F9E-97AE-6FA50A1413AF}.Debug|Any CPU.Build.0 = Debug|Any CPU
		{4479FE28-55DF-4F9E-97AE-6FA50A1413AF}.Release|Any CPU.ActiveCfg = Release|Any CPU
		{4479FE28-55DF-4F9E-97AE-6FA50A1413AF}.Release|Any CPU.Build.0 = Release|Any CPU
		{670F80BF-8A94-4588-8BDE-A159393DD6DA}.Debug|Any CPU.ActiveCfg = Debug|Any CPU
		{670F80BF-8A94-4588-8BDE-A159393DD6DA}.Debug|Any CPU.Build.0 = Debug|Any CPU
		{670F80BF-8A94-4588-8BDE-A159393DD6DA}.Release|Any CPU.ActiveCfg = Release|Any CPU
		{670F80BF-8A94-4588-8BDE-A159393DD6DA}.Release|Any CPU.Build.0 = Release|Any CPU
		{30D66B99-B433-4CF0-8608-22DC9C697725}.Debug|Any CPU.ActiveCfg = Debug|Any CPU
		{30D66B99-B433-4CF0-8608-22DC9C697725}.Debug|Any CPU.Build.0 = Debug|Any CPU
		{30D66B99-B433-4CF0-8608-22DC9C697725}.Release|Any CPU.ActiveCfg = Release|Any CPU
		{30D66B99-B433-4CF0-8608-22DC9C697725}.Release|Any CPU.Build.0 = Release|Any CPU
		{1B6DFA5B-F234-449F-B33B-ACAB79AE5653}.Debug|Any CPU.ActiveCfg = Debug|Any CPU
		{1B6DFA5B-F234-449F-B33B-ACAB79AE5653}.Debug|Any CPU.Build.0 = Debug|Any CPU
		{1B6DFA5B-F234-449F-B33B-ACAB79AE5653}.Release|Any CPU.ActiveCfg = Release|Any CPU
		{1B6DFA5B-F234-449F-B33B-ACAB79AE5653}.Release|Any CPU.Build.0 = Release|Any CPU
		{76E0B161-2A5B-4945-8D30-5A18D1EE62D5}.Debug|Any CPU.ActiveCfg = Debug|Any CPU
		{76E0B161-2A5B-4945-8D30-5A18D1EE62D5}.Debug|Any CPU.Build.0 = Debug|Any CPU
		{76E0B161-2A5B-4945-8D30-5A18D1EE62D5}.Release|Any CPU.ActiveCfg = Release|Any CPU
		{76E0B161-2A5B-4945-8D30-5A18D1EE62D5}.Release|Any CPU.Build.0 = Release|Any CPU
		{066ADD3A-451E-4200-9CD9-0A620F88CF58}.Debug|Any CPU.ActiveCfg = Debug|Any CPU
		{066ADD3A-451E-4200-9CD9-0A620F88CF58}.Debug|Any CPU.Build.0 = Debug|Any CPU
		{066ADD3A-451E-4200-9CD9-0A620F88CF58}.Release|Any CPU.ActiveCfg = Release|Any CPU
		{066ADD3A-451E-4200-9CD9-0A620F88CF58}.Release|Any CPU.Build.0 = Release|Any CPU
	EndGlobalSection
	GlobalSection(SolutionProperties) = preSolution
		HideSolutionNode = FALSE
	EndGlobalSection
	GlobalSection(NestedProjects) = preSolution
		{97FF15E0-3AC5-45B5-8E6A-5312BB9B5503} = {6A14F512-0695-406C-AE8C-92E60FC90693}
		{0B610DCB-4F9B-4BCF-9FB8-AA88BECAD761} = {97FF15E0-3AC5-45B5-8E6A-5312BB9B5503}
		{42A500BD-9656-422C-AA63-E198E315BE97} = {03D3BDE3-B49C-4F75-9DED-7D84DD9D6BAD}
		{E48CA96F-71BA-46A0-B120-421BCD4409E3} = {42A500BD-9656-422C-AA63-E198E315BE97}
		{9F8A1A39-5027-4178-9364-47E70AF27265} = {42A500BD-9656-422C-AA63-E198E315BE97}
		{0D7E2D0B-BE06-49BA-AD49-146AA4B5689B} = {4F9CE2C4-56B3-4637-925A-BE1982D3B433}
		{A9398EC7-C87B-45F9-A381-E1EC1E836A6C} = {0D7E2D0B-BE06-49BA-AD49-146AA4B5689B}
		{4479FE28-55DF-4F9E-97AE-6FA50A1413AF} = {42A500BD-9656-422C-AA63-E198E315BE97}
		{670F80BF-8A94-4588-8BDE-A159393DD6DA} = {42A500BD-9656-422C-AA63-E198E315BE97}
		{30D66B99-B433-4CF0-8608-22DC9C697725} = {2D867B09-775F-4F5C-B2A5-211AF0F6D512}
		{1B6DFA5B-F234-449F-B33B-ACAB79AE5653} = {2D867B09-775F-4F5C-B2A5-211AF0F6D512}
		{76E0B161-2A5B-4945-8D30-5A18D1EE62D5} = {2D867B09-775F-4F5C-B2A5-211AF0F6D512}
		{066ADD3A-451E-4200-9CD9-0A620F88CF58} = {2D867B09-775F-4F5C-B2A5-211AF0F6D512}
	EndGlobalSection
	GlobalSection(ExtensibilityGlobals) = postSolution
		SolutionGuid = {7EFA8B5A-4EE9-41B7-BE92-96F6B465A2A5}
	EndGlobalSection
EndGlobal
